
Microsoft Visual Studio Solution File, Format Version 12.00
Project("{FAE04EC0-301F-11D3-BF4B-00C04F79EFBC}") = "AvaDM.Core", "src\AvaDM.Core\AvaDM.Core.csproj", "{2BE011DA-4190-450D-9D02-CF8F6F08D31D}"
EndProject
Project("{FAE04EC0-301F-11D3-BF4B-00C04F79EFBC}") = "AvaDM.Console", "src\AvaDM.Console\AvaDM.Console.csproj", "{AC3FA583-2ED4-46BE-B01C-9852BD6AF358}"
EndProject
Global
	GlobalSection(SolutionConfigurationPlatforms) = preSolution
		Debug|Any CPU = Debug|Any CPU
		Release|Any CPU = Release|Any CPU
	EndGlobalSection
	GlobalSection(ProjectConfigurationPlatforms) = postSolution
		{2BE011DA-4190-450D-9D02-CF8F6F08D31D}.Debug|Any CPU.ActiveCfg = Debug|Any CPU
		{2BE011DA-4190-450D-9D02-CF8F6F08D31D}.Debug|Any CPU.Build.0 = Debug|Any CPU
		{2BE011DA-4190-450D-9D02-CF8F6F08D31D}.Release|Any CPU.ActiveCfg = Release|Any CPU
		{2BE011DA-4190-450D-9D02-CF8F6F08D31D}.Release|Any CPU.Build.0 = Release|Any CPU
		{AC3FA583-2ED4-46BE-B01C-9852BD6AF358}.Debug|Any CPU.ActiveCfg = Debug|Any CPU
		{AC3FA583-2ED4-46BE-B01C-9852BD6AF358}.Debug|Any CPU.Build.0 = Debug|Any CPU
		{AC3FA583-2ED4-46BE-B01C-9852BD6AF358}.Release|Any CPU.ActiveCfg = Release|Any CPU
		{AC3FA583-2ED4-46BE-B01C-9852BD6AF358}.Release|Any CPU.Build.0 = Release|Any CPU
	EndGlobalSection
EndGlobal
