<Solution>
  <Configurations>
    <Platform Name="Any CPU" />
    <Platform Name="x64" />
    <Platform Name="x86" />
  </Configurations>
  <Folder Name="/src/">
    <Project Path="src/AvaDM.Console/AvaDM.Console.csproj" />
    <Project Path="src/AvaDM.Core/AvaDM.Core.csproj" />
    <Project Path="src/AvaDM.UI/AvaDM.UI.csproj" />
  </Folder>
  <Folder Name="/test/">
    <Project Path="test/AvaDM.Core.Tests/AvaDM.Core.Tests.csproj" />
  </Folder>
</Solution>
